
Microsoft Visual Studio Solution File, Format Version 12.00
Project("{FAE04EC0-301F-11D3-BF4B-00C04F79EFBC}") = "Lab08-ValeriaZumaran", "Lab08-ValeriaZumaran\Lab08-ValeriaZumaran.csproj", "{7C4CAD64-557D-47C6-B5AC-217ED30FAA47}"
EndProject
Global
	GlobalSection(SolutionConfigurationPlatforms) = preSolution
		Debug|Any CPU = Debug|Any CPU
		Release|Any CPU = Release|Any CPU
	EndGlobalSection
	GlobalSection(ProjectConfigurationPlatforms) = postSolution
		{7C4CAD64-557D-47C6-B5AC-217ED30FAA47}.Debug|Any CPU.ActiveCfg = Debug|Any CPU
		{7C4CAD64-557D-47C6-B5AC-217ED30FAA47}.Debug|Any CPU.Build.0 = Debug|Any CPU
		{7C4CAD64-557D-47C6-B5AC-217ED30FAA47}.Release|Any CPU.ActiveCfg = Release|Any CPU
		{7C4CAD64-557D-47C6-B5AC-217ED30FAA47}.Release|Any CPU.Build.0 = Release|Any CPU
	EndGlobalSection
EndGlobal
